
Microsoft Visual Studio Solution File, Format Version 12.00
# Visual Studio Version 17
VisualStudioVersion = 17.0.31903.59
MinimumVisualStudioVersion = 10.0.40219.1
Project("{FAE04EC0-301F-11D3-BF4B-00C04F79EFBC}") = "CQRSAndMediatorPattern.API", "CQRSAndMediatorPattern.API\CQRSAndMediatorPattern.API.csproj", "{7CEB4950-AF4A-49E3-9A9B-889428E806F6}"
EndProject
Project("{FAE04EC0-301F-11D3-BF4B-00C04F79EFBC}") = "CQRSAndMediatorPattern.Domain", "CQRSAndMediatorPattern.Domain\CQRSAndMediatorPattern.Domain.csproj", "{90D65624-F468-4607-88DE-75ADCEAC2012}"
EndProject
Project("{FAE04EC0-301F-11D3-BF4B-00C04F79EFBC}") = "CQRSAndMediatorPattern.Application", "CQRSAndMediatorPattern.Application\CQRSAndMediatorPattern.Application.csproj", "{5BF7B2A9-6789-4109-887B-AC662C3AF32A}"
EndProject
Project("{FAE04EC0-301F-11D3-BF4B-00C04F79EFBC}") = "CQRSAndMediatorPattern.Infra", "CQRSAndMediatorPattern.Infra\CQRSAndMediatorPattern.Infra.csproj", "{AC1DC3D9-32CD-466D-864D-F6CDD5D185B4}"
EndProject
Global
	GlobalSection(SolutionConfigurationPlatforms) = preSolution
		Debug|Any CPU = Debug|Any CPU
		Release|Any CPU = Release|Any CPU
	EndGlobalSection
	GlobalSection(SolutionProperties) = preSolution
		HideSolutionNode = FALSE
	EndGlobalSection
	GlobalSection(ProjectConfigurationPlatforms) = postSolution
		{7CEB4950-AF4A-49E3-9A9B-889428E806F6}.Debug|Any CPU.ActiveCfg = Debug|Any CPU
		{7CEB4950-AF4A-49E3-9A9B-889428E806F6}.Debug|Any CPU.Build.0 = Debug|Any CPU
		{7CEB4950-AF4A-49E3-9A9B-889428E806F6}.Release|Any CPU.ActiveCfg = Release|Any CPU
		{7CEB4950-AF4A-49E3-9A9B-889428E806F6}.Release|Any CPU.Build.0 = Release|Any CPU
		{90D65624-F468-4607-88DE-75ADCEAC2012}.Debug|Any CPU.ActiveCfg = Debug|Any CPU
		{90D65624-F468-4607-88DE-75ADCEAC2012}.Debug|Any CPU.Build.0 = Debug|Any CPU
		{90D65624-F468-4607-88DE-75ADCEAC2012}.Release|Any CPU.ActiveCfg = Release|Any CPU
		{90D65624-F468-4607-88DE-75ADCEAC2012}.Release|Any CPU.Build.0 = Release|Any CPU
		{5BF7B2A9-6789-4109-887B-AC662C3AF32A}.Debug|Any CPU.ActiveCfg = Debug|Any CPU
		{5BF7B2A9-6789-4109-887B-AC662C3AF32A}.Debug|Any CPU.Build.0 = Debug|Any CPU
		{5BF7B2A9-6789-4109-887B-AC662C3AF32A}.Release|Any CPU.ActiveCfg = Release|Any CPU
		{5BF7B2A9-6789-4109-887B-AC662C3AF32A}.Release|Any CPU.Build.0 = Release|Any CPU
		{AC1DC3D9-32CD-466D-864D-F6CDD5D185B4}.Debug|Any CPU.ActiveCfg = Debug|Any CPU
		{AC1DC3D9-32CD-466D-864D-F6CDD5D185B4}.Debug|Any CPU.Build.0 = Debug|Any CPU
		{AC1DC3D9-32CD-466D-864D-F6CDD5D185B4}.Release|Any CPU.ActiveCfg = Release|Any CPU
		{AC1DC3D9-32CD-466D-864D-F6CDD5D185B4}.Release|Any CPU.Build.0 = Release|Any CPU
	EndGlobalSection
EndGlobal
